
Microsoft Visual Studio Solution File, Format Version 12.00
# Visual Studio Version 16
VisualStudioVersion = 16.0.30011.22
MinimumVisualStudioVersion = 10.0.40219.1
Project("{FAE04EC0-301F-11D3-BF4B-00C04F79EFBC}") = "RoadTransportOffence", "RoadTransportOffence\RoadTransportOffence.csproj", "{8FA05E62-B8DB-4403-9FB5-99FE505EB38E}"
EndProject
Global
	GlobalSection(SolutionConfigurationPlatforms) = preSolution
		Debug|Any CPU = Debug|Any CPU
		Release|Any CPU = Release|Any CPU
	EndGlobalSection
	GlobalSection(ProjectConfigurationPlatforms) = postSolution
		{8FA05E62-B8DB-4403-9FB5-99FE505EB38E}.Debug|Any CPU.ActiveCfg = Debug|Any CPU
		{8FA05E62-B8DB-4403-9FB5-99FE505EB38E}.Debug|Any CPU.Build.0 = Debug|Any CPU
		{8FA05E62-B8DB-4403-9FB5-99FE505EB38E}.Release|Any CPU.ActiveCfg = Release|Any CPU
		{8FA05E62-B8DB-4403-9FB5-99FE505EB38E}.Release|Any CPU.Build.0 = Release|Any CPU
	EndGlobalSection
	GlobalSection(SolutionProperties) = preSolution
		HideSolutionNode = FALSE
	EndGlobalSection
	GlobalSection(ExtensibilityGlobals) = postSolution
		SolutionGuid = {A34730F2-A3A9-43E1-A879-989385E54D17}
	EndGlobalSection
EndGlobal
